{
  "name": "@dev0000007/medium-web",
  "version": "1.0.15",
  "lockfileVersion": 3,
  "requires": true,
  "packages": {
    "": {
      "name": "@dev0000007/medium-web",
      "version": "1.0.15",
      "license": "ISC",
      "dependencies": {
        "@dev0000007/medium-web": "^1.0.14",
        "zod": "^3.25.67"
      }
    },
    "node_modules/@dev0000007/medium-web": {
      "version": "1.0.14",
      "resolved": "https://registry.npmjs.org/@dev0000007/medium-web/-/medium-web-1.0.14.tgz",
      "integrity": "sha512-/PSiybiHFJ9KfykiIBocJ8BS5Dya8RUwWqUyhHo2OdMSWSo9pcncbAXOsCga8gs+pmgxjLAm34XIJlppHRIuwA==",
      "license": "ISC",
      "dependencies": {
        "zod": "^3.25.67"
      }
    },
    "node_modules/zod": {
      "version": "3.25.67",
      "resolved": "https://registry.npmjs.org/zod/-/zod-3.25.67.tgz",
      "integrity": "sha512-idA2YXwpCdqUSKRCACDE6ItZD9TZzy3OZMtpfLoh6oPR47lipysRrJfjzMqFxQ3uJuUPyUeWe1r9vLH33xO/Qw==",
      "license": "MIT",
      "funding": {
        "url": "https://github.com/sponsors/colinhacks"
      }
    }
  }
}
